github.com/likexian/gokit v0.25.11 h1:o5H5JgVtBYBQn0QX30zE5+V8j2rgLTDoZWAO8xLFFfY=
github.com/likexian/gokit v0.25.11/go.mod h1:IKRQFPah2KQ0HL3iVjaOvFbx2apkSdFicGmsA0A4a1c=
github.com/likexian/whois-parser v1.24.5 h1:q9bxJ1EyokyToAOOrzPh7KoVMqc3j+4blZJxGNZb5XA=
github.com/likexian/whois-parser v1.24.5/go.mod h1:MJN8IUeQ55VSG2OCB01a88T6V6VQm/UYxKLQySSqdSc=
golang.org/x/net v0.8.0 h1:Zrh2ngAOFYneWTAIAPethzeaQLuHwhuBkuV6ZiRnUaQ=
golang.org/x/net v0.8.0/go.mod h1:QVkue5JL9kW//ek3r6jTKnTFis1tRmNAW2P1shuFdJc=
golang.org/x/text v0.8.0 h1:57P1ETyNKtuIjB4SRd15iJxuhj8Gc416Y78H3qgMh68=
golang.org/x/text v0.8.0/go.mod h1:e1OnstbJyHTd6l/uOt8jFFHp6TRDWZR/bV3emEE/zU8=
