github.com/likexian/gokit v0.25.8 h1:YL5yxnUxVMmJ5PRrMw3Dgr9gNidjXitdPs0/69T4PX0=
github.com/likexian/gokit v0.25.8/go.mod h1:oDDqJUcnnF9uAKuw54F7s6oEG+OJ7eallfDW2dq0A/o=
github.com/likexian/whois-parser v1.24.0 h1:jfC//AgBQvUaaxGPiG3Xo7p/yOEALAYxrQgxLcLFXXk=
github.com/likexian/whois-parser v1.24.0/go.mod h1:mDyeVdEg60cNU6VhXWjyvPc6oTHkigaNWIWZCiQ7kQk=
golang.org/x/net v0.0.0-20220630215102-69896b714898 h1:K7wO6V1IrczY9QOQ2WkVpw4JQSwCd52UsxVEirZUfiw=
golang.org/x/net v0.0.0-20220630215102-69896b714898/go.mod h1:XRhObCWvk6IyKnWLug+ECip1KBveYUHfp+8e9klMJ9c=
golang.org/x/text v0.3.7 h1:olpwvP2KacW1ZWvsR7uQhoyTYvKAupfQrRGBFM352Gk=
golang.org/x/text v0.3.7/go.mod h1:u+2+/6zg+i71rQMx5EYifcz6MCKuco9NR6JIITiCfzQ=
